// !$*UTF8*$!
{
	archiveVersion = 1;
	classes = {
	};
	objectVersion = 56;
	objects = {

/* Begin PBXBuildFile section */
		598E4F732C8E04E80050F595 /* ImagesView.swift in Sources */ = {isa = PBXBuildFile; fileRef = 598E4F722C8E04E80050F595 /* ImagesView.swift */; };
		598E4F752C8E051B0050F595 /* ImagePicker.swift in Sources */ = {isa = PBXBuildFile; fileRef = 598E4F742C8E051B0050F595 /* ImagePicker.swift */; };
		598E4F772C8E21AD0050F595 /* DrawingView.swift in Sources */ = {isa = PBXBuildFile; fileRef = 598E4F762C8E21AD0050F595 /* DrawingView.swift */; };
		59BA57582C8C7CFD00BBFE46 /* EditingOfPhotosApp.swift in Sources */ = {isa = PBXBuildFile; fileRef = 59BA57572C8C7CFD00BBFE46 /* EditingOfPhotosApp.swift */; };
		59BA575C2C8C7D0000BBFE46 /* Assets.xcassets in Resources */ = {isa = PBXBuildFile; fileRef = 59BA575B2C8C7D0000BBFE46 /* Assets.xcassets */; };
		59BA575F2C8C7D0000BBFE46 /* Preview Assets.xcassets in Resources */ = {isa = PBXBuildFile; fileRef = 59BA575E2C8C7D0000BBFE46 /* Preview Assets.xcassets */; };
		59BA57662C8C973400BBFE46 /* AuthViewModel.swift in Sources */ = {isa = PBXBuildFile; fileRef = 59BA57652C8C973400BBFE46 /* AuthViewModel.swift */; };
		59BA57682C8C98C200BBFE46 /* AuthView.swift in Sources */ = {isa = PBXBuildFile; fileRef = 59BA57672C8C98C200BBFE46 /* AuthView.swift */; };
		59BA576A2C8C997200BBFE46 /* ResetPasswordView.swift in Sources */ = {isa = PBXBuildFile; fileRef = 59BA57692C8C997200BBFE46 /* ResetPasswordView.swift */; };
		59BA576E2C8C9D0400BBFE46 /* AlertMessage.swift in Sources */ = {isa = PBXBuildFile; fileRef = 59BA576D2C8C9D0400BBFE46 /* AlertMessage.swift */; };
		59BA57702C8CCA7600BBFE46 /* GoogleService-Info.plist in Resources */ = {isa = PBXBuildFile; fileRef = 59BA576F2C8CCA7600BBFE46 /* GoogleService-Info.plist */; };
		CD3B165EA03BCBBBDDBB4064 /* Pods_EditingOfPhotos.framework in Frameworks */ = {isa = PBXBuildFile; fileRef = 5703E827EE95328F7556F694 /* Pods_EditingOfPhotos.framework */; };
/* End PBXBuildFile section */

/* Begin PBXFileReference section */
		2B122A76779B114CD2824708 /* Pods-EditingOfPhotos.release.xcconfig */ = {isa = PBXFileReference; includeInIndex = 1; lastKnownFileType = text.xcconfig; name = "Pods-EditingOfPhotos.release.xcconfig"; path = "Target Support Files/Pods-EditingOfPhotos/Pods-EditingOfPhotos.release.xcconfig"; sourceTree = "<group>"; };
		3C5F6140333957247F9A0EE9 /* Pods-EditingOfPhotos.debug.xcconfig */ = {isa = PBXFileReference; includeInIndex = 1; lastKnownFileType = text.xcconfig; name = "Pods-EditingOfPhotos.debug.xcconfig"; path = "Target Support Files/Pods-EditingOfPhotos/Pods-EditingOfPhotos.debug.xcconfig"; sourceTree = "<group>"; };
		5703E827EE95328F7556F694 /* Pods_EditingOfPhotos.framework */ = {isa = PBXFileReference; explicitFileType = wrapper.framework; includeInIndex = 0; path = Pods_EditingOfPhotos.framework; sourceTree = BUILT_PRODUCTS_DIR; };
		598E4F722C8E04E80050F595 /* ImagesView.swift */ = {isa = PBXFileReference; lastKnownFileType = sourcecode.swift; path = ImagesView.swift; sourceTree = "<group>"; };
		598E4F742C8E051B0050F595 /* ImagePicker.swift */ = {isa = PBXFileReference; lastKnownFileType = sourcecode.swift; path = ImagePicker.swift; sourceTree = "<group>"; };
		598E4F762C8E21AD0050F595 /* DrawingView.swift */ = {isa = PBXFileReference; lastKnownFileType = sourcecode.swift; path = DrawingView.swift; sourceTree = "<group>"; };
		59BA57542C8C7CFD00BBFE46 /* EditingOfPhotos.app */ = {isa = PBXFileReference; explicitFileType = wrapper.application; includeInIndex = 0; path = EditingOfPhotos.app; sourceTree = BUILT_PRODUCTS_DIR; };
		59BA57572C8C7CFD00BBFE46 /* EditingOfPhotosApp.swift */ = {isa = PBXFileReference; lastKnownFileType = sourcecode.swift; path = EditingOfPhotosApp.swift; sourceTree = "<group>"; };
		59BA575B2C8C7D0000BBFE46 /* Assets.xcassets */ = {isa = PBXFileReference; lastKnownFileType = folder.assetcatalog; path = Assets.xcassets; sourceTree = "<group>"; };
		59BA575E2C8C7D0000BBFE46 /* Preview Assets.xcassets */ = {isa = PBXFileReference; lastKnownFileType = folder.assetcatalog; path = "Preview Assets.xcassets"; sourceTree = "<group>"; };
		59BA57652C8C973400BBFE46 /* AuthViewModel.swift */ = {isa = PBXFileReference; lastKnownFileType = sourcecode.swift; path = AuthViewModel.swift; sourceTree = "<group>"; };
		59BA57672C8C98C200BBFE46 /* AuthView.swift */ = {isa = PBXFileReference; lastKnownFileType = sourcecode.swift; path = AuthView.swift; sourceTree = "<group>"; };
		59BA57692C8C997200BBFE46 /* ResetPasswordView.swift */ = {isa = PBXFileReference; lastKnownFileType = sourcecode.swift; path = ResetPasswordView.swift; sourceTree = "<group>"; };
		59BA576D2C8C9D0400BBFE46 /* AlertMessage.swift */ = {isa = PBXFileReference; lastKnownFileType = sourcecode.swift; path = AlertMessage.swift; sourceTree = "<group>"; };
		59BA576F2C8CCA7600BBFE46 /* GoogleService-Info.plist */ = {isa = PBXFileReference; fileEncoding = 4; lastKnownFileType = text.plist.xml; path = "GoogleService-Info.plist"; sourceTree = "<group>"; };
		59BA57712C8CDE5B00BBFE46 /* Info.plist */ = {isa = PBXFileReference; lastKnownFileType = text.plist; path = Info.plist; sourceTree = "<group>"; };
/* End PBXFileReference section */

/* Begin PBXFrameworksBuildPhase section */
		59BA57512C8C7CFD00BBFE46 /* Frameworks */ = {
			isa = PBXFrameworksBuildPhase;
			buildActionMask = 2147483647;
			files = (
				CD3B165EA03BCBBBDDBB4064 /* Pods_EditingOfPhotos.framework in Frameworks */,
			);
			runOnlyForDeploymentPostprocessing = 0;
		};
/* End PBXFrameworksBuildPhase section */

/* Begin PBXGroup section */
		177F9A750C532578103C26FE /* Frameworks */ = {
			isa = PBXGroup;
			children = (
				5703E827EE95328F7556F694 /* Pods_EditingOfPhotos.framework */,
			);
			name = Frameworks;
			sourceTree = "<group>";
		};
		23C91343D8BCFCB5A96C399F /* Pods */ = {
			isa = PBXGroup;
			children = (
				3C5F6140333957247F9A0EE9 /* Pods-EditingOfPhotos.debug.xcconfig */,
				2B122A76779B114CD2824708 /* Pods-EditingOfPhotos.release.xcconfig */,
			);
			path = Pods;
			sourceTree = "<group>";
		};
		59930A1D2C8F666F00E52C47 /* Auth */ = {
			isa = PBXGroup;
			children = (
				59BA57652C8C973400BBFE46 /* AuthViewModel.swift */,
				59BA57672C8C98C200BBFE46 /* AuthView.swift */,
				59BA57692C8C997200BBFE46 /* ResetPasswordView.swift */,
				59BA576D2C8C9D0400BBFE46 /* AlertMessage.swift */,
			);
			path = Auth;
			sourceTree = "<group>";
		};
		59930A1E2C8F669200E52C47 /* Images */ = {
			isa = PBXGroup;
			children = (
				598E4F722C8E04E80050F595 /* ImagesView.swift */,
				598E4F762C8E21AD0050F595 /* DrawingView.swift */,
				598E4F742C8E051B0050F595 /* ImagePicker.swift */,
			);
			path = Images;
			sourceTree = "<group>";
		};
		59BA574B2C8C7CFD00BBFE46 = {
			isa = PBXGroup;
			children = (
				59BA57562C8C7CFD00BBFE46 /* EditingOfPhotos */,
				59BA57552C8C7CFD00BBFE46 /* Products */,
				23C91343D8BCFCB5A96C399F /* Pods */,
				177F9A750C532578103C26FE /* Frameworks */,
			);
			sourceTree = "<group>";
		};
		59BA57552C8C7CFD00BBFE46 /* Products */ = {
			isa = PBXGroup;
			children = (
				59BA57542C8C7CFD00BBFE46 /* EditingOfPhotos.app */,
			);
			name = Products;
			sourceTree = "<group>";
		};
		59BA57562C8C7CFD00BBFE46 /* EditingOfPhotos */ = {
			isa = PBXGroup;
			children = (
				59BA57572C8C7CFD00BBFE46 /* EditingOfPhotosApp.swift */,
				59930A1D2C8F666F00E52C47 /* Auth */,
				59930A1E2C8F669200E52C47 /* Images */,
				59BA575B2C8C7D0000BBFE46 /* Assets.xcassets */,
				59BA57712C8CDE5B00BBFE46 /* Info.plist */,
				59BA576F2C8CCA7600BBFE46 /* GoogleService-Info.plist */,
				59BA575D2C8C7D0000BBFE46 /* Preview Content */,
			);
			path = EditingOfPhotos;
			sourceTree = "<group>";
		};
		59BA575D2C8C7D0000BBFE46 /* Preview Content */ = {
			isa = PBXGroup;
			children = (
				59BA575E2C8C7D0000BBFE46 /* Preview Assets.xcassets */,
			);
			path = "Preview Content";
			sourceTree = "<group>";
		};
/* End PBXGroup section */

/* Begin PBXNativeTarget section */
		59BA57532C8C7CFD00BBFE46 /* EditingOfPhotos */ = {
			isa = PBXNativeTarget;
			buildConfigurationList = 59BA57622C8C7D0000BBFE46 /* Build configuration list for PBXNativeTarget "EditingOfPhotos" */;
			buildPhases = (
				3F52053AD904DC7F44728211 /* [CP] Check Pods Manifest.lock */,
				59BA57502C8C7CFD00BBFE46 /* Sources */,
				59BA57512C8C7CFD00BBFE46 /* Frameworks */,
				59BA57522C8C7CFD00BBFE46 /* Resources */,
				93AC7392FC81F4C1D0D3F964 /* [CP] Embed Pods Frameworks */,
			);
			buildRules = (
			);
			dependencies = (
			);
			name = EditingOfPhotos;
			productName = EditingOfPhotos;
			productReference = 59BA57542C8C7CFD00BBFE46 /* EditingOfPhotos.app */;
			productType = "com.apple.product-type.application";
		};
/* End PBXNativeTarget section */

/* Begin PBXProject section */
		59BA574C2C8C7CFD00BBFE46 /* Project object */ = {
			isa = PBXProject;
			attributes = {
				BuildIndependentTargetsInParallel = 1;
				LastSwiftUpdateCheck = 1540;
				LastUpgradeCheck = 1540;
				TargetAttributes = {
					59BA57532C8C7CFD00BBFE46 = {
						CreatedOnToolsVersion = 15.4;
					};
				};
			};
			buildConfigurationList = 59BA574F2C8C7CFD00BBFE46 /* Build configuration list for PBXProject "EditingOfPhotos" */;
			compatibilityVersion = "Xcode 14.0";
			developmentRegion = en;
			hasScannedForEncodings = 0;
			knownRegions = (
				en,
				Base,
			);
			mainGroup = 59BA574B2C8C7CFD00BBFE46;
			productRefGroup = 59BA57552C8C7CFD00BBFE46 /* Products */;
			projectDirPath = "";
			projectRoot = "";
			targets = (
				59BA57532C8C7CFD00BBFE46 /* EditingOfPhotos */,
			);
		};
/* End PBXProject section */

/* Begin PBXResourcesBuildPhase section */
		59BA57522C8C7CFD00BBFE46 /* Resources */ = {
			isa = PBXResourcesBuildPhase;
			buildActionMask = 2147483647;
			files = (
				59BA575F2C8C7D0000BBFE46 /* Preview Assets.xcassets in Resources */,
				59BA575C2C8C7D0000BBFE46 /* Assets.xcassets in Resources */,
				59BA57702C8CCA7600BBFE46 /* GoogleService-Info.plist in Resources */,
			);
			runOnlyForDeploymentPostprocessing = 0;
		};
/* End PBXResourcesBuildPhase section */

/* Begin PBXShellScriptBuildPhase section */
		3F52053AD904DC7F44728211 /* [CP] Check Pods Manifest.lock */ = {
			isa = PBXShellScriptBuildPhase;
			buildActionMask = 2147483647;
			files = (
			);
			inputFileListPaths = (
			);
			inputPaths = (
				"${PODS_PODFILE_DIR_PATH}/Podfile.lock",
				"${PODS_ROOT}/Manifest.lock",
			);
			name = "[CP] Check Pods Manifest.lock";
			outputFileListPaths = (
			);
			outputPaths = (
				"$(DERIVED_FILE_DIR)/Pods-EditingOfPhotos-checkManifestLockResult.txt",
			);
			runOnlyForDeploymentPostprocessing = 0;
			shellPath = /bin/sh;
			shellScript = "diff \"${PODS_PODFILE_DIR_PATH}/Podfile.lock\" \"${PODS_ROOT}/Manifest.lock\" > /dev/null\nif [ $? != 0 ] ; then\n    # print error to STDERR\n    echo \"error: The sandbox is not in sync with the Podfile.lock. Run 'pod install' or update your CocoaPods installation.\" >&2\n    exit 1\nfi\n# This output is used by Xcode 'outputs' to avoid re-running this script phase.\necho \"SUCCESS\" > \"${SCRIPT_OUTPUT_FILE_0}\"\n";
			showEnvVarsInLog = 0;
		};
		93AC7392FC81F4C1D0D3F964 /* [CP] Embed Pods Frameworks */ = {
			isa = PBXShellScriptBuildPhase;
			buildActionMask = 2147483647;
			files = (
			);
			inputFileListPaths = (
				"${PODS_ROOT}/Target Support Files/Pods-EditingOfPhotos/Pods-EditingOfPhotos-frameworks-${CONFIGURATION}-input-files.xcfilelist",
			);
			name = "[CP] Embed Pods Frameworks";
			outputFileListPaths = (
				"${PODS_ROOT}/Target Support Files/Pods-EditingOfPhotos/Pods-EditingOfPhotos-frameworks-${CONFIGURATION}-output-files.xcfilelist",
			);
			runOnlyForDeploymentPostprocessing = 0;
			shellPath = /bin/sh;
			shellScript = "\"${PODS_ROOT}/Target Support Files/Pods-EditingOfPhotos/Pods-EditingOfPhotos-frameworks.sh\"\n";
			showEnvVarsInLog = 0;
		};
/* End PBXShellScriptBuildPhase section */

/* Begin PBXSourcesBuildPhase section */
		59BA57502C8C7CFD00BBFE46 /* Sources */ = {
			isa = PBXSourcesBuildPhase;
			buildActionMask = 2147483647;
			files = (
				59BA576E2C8C9D0400BBFE46 /* AlertMessage.swift in Sources */,
				598E4F732C8E04E80050F595 /* ImagesView.swift in Sources */,
				59BA57582C8C7CFD00BBFE46 /* EditingOfPhotosApp.swift in Sources */,
				598E4F772C8E21AD0050F595 /* DrawingView.swift in Sources */,
				598E4F752C8E051B0050F595 /* ImagePicker.swift in Sources */,
				59BA576A2C8C997200BBFE46 /* ResetPasswordView.swift in Sources */,
				59BA57682C8C98C200BBFE46 /* AuthView.swift in Sources */,
				59BA57662C8C973400BBFE46 /* AuthViewModel.swift in Sources */,
			);
			runOnlyForDeploymentPostprocessing = 0;
		};
/* End PBXSourcesBuildPhase section */

/* Begin XCBuildConfiguration section */
		59BA57602C8C7D0000BBFE46 /* Debug */ = {
			isa = XCBuildConfiguration;
			buildSettings = {
				ALWAYS_SEARCH_USER_PATHS = NO;
				ASSETCATALOG_COMPILER_GENERATE_SWIFT_ASSET_SYMBOL_EXTENSIONS = YES;
				CLANG_ANALYZER_NONNULL = YES;
				CLANG_ANALYZER_NUMBER_OBJECT_CONVERSION = YES_AGGRESSIVE;
				CLANG_CXX_LANGUAGE_STANDARD = "gnu++20";
				CLANG_ENABLE_MODULES = YES;
				CLANG_ENABLE_OBJC_ARC = YES;
				CLANG_ENABLE_OBJC_WEAK = YES;
				CLANG_WARN_BLOCK_CAPTURE_AUTORELEASING = YES;
				CLANG_WARN_BOOL_CONVERSION = YES;
				CLANG_WARN_COMMA = YES;
				CLANG_WARN_CONSTANT_CONVERSION = YES;
				CLANG_WARN_DEPRECATED_OBJC_IMPLEMENTATIONS = YES;
				CLANG_WARN_DIRECT_OBJC_ISA_USAGE = YES_ERROR;
				CLANG_WARN_DOCUMENTATION_COMMENTS = YES;
				CLANG_WARN_EMPTY_BODY = YES;
				CLANG_WARN_ENUM_CONVERSION = YES;
				CLANG_WARN_INFINITE_RECURSION = YES;
				CLANG_WARN_INT_CONVERSION = YES;
				CLANG_WARN_NON_LITERAL_NULL_CONVERSION = YES;
				CLANG_WARN_OBJC_IMPLICIT_RETAIN_SELF = YES;
				CLANG_WARN_OBJC_LITERAL_CONVERSION = YES;
				CLANG_WARN_OBJC_ROOT_CLASS = YES_ERROR;
				CLANG_WARN_QUOTED_INCLUDE_IN_FRAMEWORK_HEADER = YES;
				CLANG_WARN_RANGE_LOOP_ANALYSIS = YES;
				CLANG_WARN_STRICT_PROTOTYPES = YES;
				CLANG_WARN_SUSPICIOUS_MOVE = YES;
				CLANG_WARN_UNGUARDED_AVAILABILITY = YES_AGGRESSIVE;
				CLANG_WARN_UNREACHABLE_CODE = YES;
				CLANG_WARN__DUPLICATE_METHOD_MATCH = YES;
				COPY_PHASE_STRIP = NO;
				DEBUG_INFORMATION_FORMAT = dwarf;
				ENABLE_STRICT_OBJC_MSGSEND = YES;
				ENABLE_TESTABILITY = YES;
				ENABLE_USER_SCRIPT_SANDBOXING = YES;
				GCC_C_LANGUAGE_STANDARD = gnu17;
				GCC_DYNAMIC_NO_PIC = NO;
				GCC_NO_COMMON_BLOCKS = YES;
				GCC_OPTIMIZATION_LEVEL = 0;
				GCC_PREPROCESSOR_DEFINITIONS = (
					"DEBUG=1",
					"$(inherited)",
				);
				GCC_WARN_64_TO_32_BIT_CONVERSION = YES;
				GCC_WARN_ABOUT_RETURN_TYPE = YES_ERROR;
				GCC_WARN_UNDECLARED_SELECTOR = YES;
				GCC_WARN_UNINITIALIZED_AUTOS = YES_AGGRESSIVE;
				GCC_WARN_UNUSED_FUNCTION = YES;
				GCC_WARN_UNUSED_VARIABLE = YES;
				IPHONEOS_DEPLOYMENT_TARGET = 16.0;
				LOCALIZATION_PREFERS_STRING_CATALOGS = YES;
				MTL_ENABLE_DEBUG_INFO = INCLUDE_SOURCE;
				MTL_FAST_MATH = YES;
				ONLY_ACTIVE_ARCH = YES;
				SDKROOT = iphoneos;
				SWIFT_ACTIVE_COMPILATION_CONDITIONS = "DEBUG $(inherited)";
				SWIFT_OPTIMIZATION_LEVEL = "-Onone";
			};
			name = Debug;
		};
		59BA57612C8C7D0000BBFE46 /* Release */ = {
			isa = XCBuildConfiguration;
			buildSettings = {
				ALWAYS_SEARCH_USER_PATHS = NO;
				ASSETCATALOG_COMPILER_GENERATE_SWIFT_ASSET_SYMBOL_EXTENSIONS = YES;
				CLANG_ANALYZER_NONNULL = YES;
				CLANG_ANALYZER_NUMBER_OBJECT_CONVERSION = YES_AGGRESSIVE;
				CLANG_CXX_LANGUAGE_STANDARD = "gnu++20";
				CLANG_ENABLE_MODULES = YES;
				CLANG_ENABLE_OBJC_ARC = YES;
				CLANG_ENABLE_OBJC_WEAK = YES;
				CLANG_WARN_BLOCK_CAPTURE_AUTORELEASING = YES;
				CLANG_WARN_BOOL_CONVERSION = YES;
				CLANG_WARN_COMMA = YES;
				CLANG_WARN_CONSTANT_CONVERSION = YES;
				CLANG_WARN_DEPRECATED_OBJC_IMPLEMENTATIONS = YES;
				CLANG_WARN_DIRECT_OBJC_ISA_USAGE = YES_ERROR;
				CLANG_WARN_DOCUMENTATION_COMMENTS = YES;
				CLANG_WARN_EMPTY_BODY = YES;
				CLANG_WARN_ENUM_CONVERSION = YES;
				CLANG_WARN_INFINITE_RECURSION = YES;
				CLANG_WARN_INT_CONVERSION = YES;
				CLANG_WARN_NON_LITERAL_NULL_CONVERSION = YES;
				CLANG_WARN_OBJC_IMPLICIT_RETAIN_SELF = YES;
				CLANG_WARN_OBJC_LITERAL_CONVERSION = YES;
				CLANG_WARN_OBJC_ROOT_CLASS = YES_ERROR;
				CLANG_WARN_QUOTED_INCLUDE_IN_FRAMEWORK_HEADER = YES;
				CLANG_WARN_RANGE_LOOP_ANALYSIS = YES;
				CLANG_WARN_STRICT_PROTOTYPES = YES;
				CLANG_WARN_SUSPICIOUS_MOVE = YES;
				CLANG_WARN_UNGUARDED_AVAILABILITY = YES_AGGRESSIVE;
				CLANG_WARN_UNREACHABLE_CODE = YES;
				CLANG_WARN__DUPLICATE_METHOD_MATCH = YES;
				COPY_PHASE_STRIP = NO;
				DEBUG_INFORMATION_FORMAT = "dwarf-with-dsym";
				ENABLE_NS_ASSERTIONS = NO;
				ENABLE_STRICT_OBJC_MSGSEND = YES;
				ENABLE_USER_SCRIPT_SANDBOXING = YES;
				GCC_C_LANGUAGE_STANDARD = gnu17;
				GCC_NO_COMMON_BLOCKS = YES;
				GCC_WARN_64_TO_32_BIT_CONVERSION = YES;
				GCC_WARN_ABOUT_RETURN_TYPE = YES_ERROR;
				GCC_WARN_UNDECLARED_SELECTOR = YES;
				GCC_WARN_UNINITIALIZED_AUTOS = YES_AGGRESSIVE;
				GCC_WARN_UNUSED_FUNCTION = YES;
				GCC_WARN_UNUSED_VARIABLE = YES;
				IPHONEOS_DEPLOYMENT_TARGET = 16.0;
				LOCALIZATION_PREFERS_STRING_CATALOGS = YES;
				MTL_ENABLE_DEBUG_INFO = NO;
				MTL_FAST_MATH = YES;
				SDKROOT = iphoneos;
				SWIFT_COMPILATION_MODE = wholemodule;
				VALIDATE_PRODUCT = YES;
			};
			name = Release;
		};
		59BA57632C8C7D0000BBFE46 /* Debug */ = {
			isa = XCBuildConfiguration;
			baseConfigurationReference = 3C5F6140333957247F9A0EE9 /* Pods-EditingOfPhotos.debug.xcconfig */;
			buildSettings = {
				ASSETCATALOG_COMPILER_APPICON_NAME = AppIcon;
				ASSETCATALOG_COMPILER_GLOBAL_ACCENT_COLOR_NAME = AccentColor;
				CODE_SIGN_STYLE = Automatic;
				CURRENT_PROJECT_VERSION = 1;
				DEVELOPMENT_ASSET_PATHS = "\"EditingOfPhotos/Preview Content\"";
				DEVELOPMENT_TEAM = 836E3SPL76;
				ENABLE_PREVIEWS = YES;
				ENABLE_USER_SCRIPT_SANDBOXING = NO;
				GENERATE_INFOPLIST_FILE = YES;
				INFOPLIST_FILE = EditingOfPhotos/Info.plist;
				INFOPLIST_KEY_UIApplicationSceneManifest_Generation = YES;
				INFOPLIST_KEY_UIApplicationSupportsIndirectInputEvents = YES;
				INFOPLIST_KEY_UILaunchScreen_Generation = YES;
				INFOPLIST_KEY_UISupportedInterfaceOrientations_iPad = "UIInterfaceOrientationPortrait UIInterfaceOrientationPortraitUpsideDown UIInterfaceOrientationLandscapeLeft UIInterfaceOrientationLandscapeRight";
				INFOPLIST_KEY_UISupportedInterfaceOrientations_iPhone = "UIInterfaceOrientationPortrait UIInterfaceOrientationLandscapeLeft UIInterfaceOrientationLandscapeRight";
				IPHONEOS_DEPLOYMENT_TARGET = 16.0;
				LD_RUNPATH_SEARCH_PATHS = (
					"$(inherited)",
					"@executable_path/Frameworks",
				);
				MARKETING_VERSION = 1.0;
				PRODUCT_BUNDLE_IDENTIFIER = ru.forios.EditingOfPhotos;
				PRODUCT_NAME = "$(TARGET_NAME)";
				SWIFT_EMIT_LOC_STRINGS = YES;
				SWIFT_VERSION = 5.0;
				TARGETED_DEVICE_FAMILY = "1,2";
			};
			name = Debug;
		};
		59BA57642C8C7D0000BBFE46 /* Release */ = {
			isa = XCBuildConfiguration;
			baseConfigurationReference = 2B122A76779B114CD2824708 /* Pods-EditingOfPhotos.release.xcconfig */;
			buildSettings = {
				ASSETCATALOG_COMPILER_APPICON_NAME = AppIcon;
				ASSETCATALOG_COMPILER_GLOBAL_ACCENT_COLOR_NAME = AccentColor;
				CODE_SIGN_STYLE = Automatic;
				CURRENT_PROJECT_VERSION = 1;
				DEVELOPMENT_ASSET_PATHS = "\"EditingOfPhotos/Preview Content\"";
				DEVELOPMENT_TEAM = 836E3SPL76;
				ENABLE_PREVIEWS = YES;
				ENABLE_USER_SCRIPT_SANDBOXING = NO;
				GENERATE_INFOPLIST_FILE = YES;
				INFOPLIST_FILE = EditingOfPhotos/Info.plist;
				INFOPLIST_KEY_UIApplicationSceneManifest_Generation = YES;
				INFOPLIST_KEY_UIApplicationSupportsIndirectInputEvents = YES;
				INFOPLIST_KEY_UILaunchScreen_Generation = YES;
				INFOPLIST_KEY_UISupportedInterfaceOrientations_iPad = "UIInterfaceOrientationPortrait UIInterfaceOrientationPortraitUpsideDown UIInterfaceOrientationLandscapeLeft UIInterfaceOrientationLandscapeRight";
				INFOPLIST_KEY_UISupportedInterfaceOrientations_iPhone = "UIInterfaceOrientationPortrait UIInterfaceOrientationLandscapeLeft UIInterfaceOrientationLandscapeRight";
				IPHONEOS_DEPLOYMENT_TARGET = 16.0;
				LD_RUNPATH_SEARCH_PATHS = (
					"$(inherited)",
					"@executable_path/Frameworks",
				);
				MARKETING_VERSION = 1.0;
				PRODUCT_BUNDLE_IDENTIFIER = ru.forios.EditingOfPhotos;
				PRODUCT_NAME = "$(TARGET_NAME)";
				SWIFT_EMIT_LOC_STRINGS = YES;
				SWIFT_VERSION = 5.0;
				TARGETED_DEVICE_FAMILY = "1,2";
			};
			name = Release;
		};
/* End XCBuildConfiguration section */

/* Begin XCConfigurationList section */
		59BA574F2C8C7CFD00BBFE46 /* Build configuration list for PBXProject "EditingOfPhotos" */ = {
			isa = XCConfigurationList;
			buildConfigurations = (
				59BA57602C8C7D0000BBFE46 /* Debug */,
				59BA57612C8C7D0000BBFE46 /* Release */,
			);
			defaultConfigurationIsVisible = 0;
			defaultConfigurationName = Release;
		};
		59BA57622C8C7D0000BBFE46 /* Build configuration list for PBXNativeTarget "EditingOfPhotos" */ = {
			isa = XCConfigurationList;
			buildConfigurations = (
				59BA57632C8C7D0000BBFE46 /* Debug */,
				59BA57642C8C7D0000BBFE46 /* Release */,
			);
			defaultConfigurationIsVisible = 0;
			defaultConfigurationName = Release;
		};
/* End XCConfigurationList section */
	};
	rootObject = 59BA574C2C8C7CFD00BBFE46 /* Project object */;
}
